
Microsoft Visual Studio Solution File, Format Version 12.00
# Visual Studio Version 16
VisualStudioVersion = 16.0.30907.101
MinimumVisualStudioVersion = 10.0.40219.1
Project("{9A19103F-16F7-4668-BE54-9A1E7A4F7556}") = "KampIntro", "KampIntro\KampIntro.csproj", "{3E977B72-1518-40C7-86CC-84BB72CE892A}"
EndProject
Project("{9A19103F-16F7-4668-BE54-9A1E7A4F7556}") = "GenericsIntro", "GenericsIntro\GenericsIntro.csproj", "{2FC99F61-5FB2-44BA-B13F-407E348089BD}"
EndProject
Project("{9A19103F-16F7-4668-BE54-9A1E7A4F7556}") = "OOP1", "OOP1\OOP1.csproj", "{2E7EA0EB-413C-4384-9583-8315FD515739}"
EndProject
Project("{9A19103F-16F7-4668-BE54-9A1E7A4F7556}") = "MyDictionary", "MyDictionary\MyDictionary.csproj", "{F0471B4B-3434-4199-9F5D-3052BF819CC6}"
EndProject
Project("{9A19103F-16F7-4668-BE54-9A1E7A4F7556}") = "OOP2", "OOP2\OOP2.csproj", "{38A3D799-CB4C-4119-A827-9EEB2A3C4892}"
EndProject
Project("{FAE04EC0-301F-11D3-BF4B-00C04F79EFBC}") = "OOP3", "OOP3\OOP3.csproj", "{E93902D2-BDAE-4B1B-B8D2-C6D966447E80}"
EndProject
Global
	GlobalSection(SolutionConfigurationPlatforms) = preSolution
		Debug|Any CPU = Debug|Any CPU
		Release|Any CPU = Release|Any CPU
	EndGlobalSection
	GlobalSection(ProjectConfigurationPlatforms) = postSolution
		{3E977B72-1518-40C7-86CC-84BB72CE892A}.Debug|Any CPU.ActiveCfg = Debug|Any CPU
		{3E977B72-1518-40C7-86CC-84BB72CE892A}.Debug|Any CPU.Build.0 = Debug|Any CPU
		{3E977B72-1518-40C7-86CC-84BB72CE892A}.Release|Any CPU.ActiveCfg = Release|Any CPU
		{3E977B72-1518-40C7-86CC-84BB72CE892A}.Release|Any CPU.Build.0 = Release|Any CPU
		{2FC99F61-5FB2-44BA-B13F-407E348089BD}.Debug|Any CPU.ActiveCfg = Debug|Any CPU
		{2FC99F61-5FB2-44BA-B13F-407E348089BD}.Debug|Any CPU.Build.0 = Debug|Any CPU
		{2FC99F61-5FB2-44BA-B13F-407E348089BD}.Release|Any CPU.ActiveCfg = Release|Any CPU
		{2FC99F61-5FB2-44BA-B13F-407E348089BD}.Release|Any CPU.Build.0 = Release|Any CPU
		{2E7EA0EB-413C-4384-9583-8315FD515739}.Debug|Any CPU.ActiveCfg = Debug|Any CPU
		{2E7EA0EB-413C-4384-9583-8315FD515739}.Debug|Any CPU.Build.0 = Debug|Any CPU
		{2E7EA0EB-413C-4384-9583-8315FD515739}.Release|Any CPU.ActiveCfg = Release|Any CPU
		{2E7EA0EB-413C-4384-9583-8315FD515739}.Release|Any CPU.Build.0 = Release|Any CPU
		{F0471B4B-3434-4199-9F5D-3052BF819CC6}.Debug|Any CPU.ActiveCfg = Debug|Any CPU
		{F0471B4B-3434-4199-9F5D-3052BF819CC6}.Debug|Any CPU.Build.0 = Debug|Any CPU
		{F0471B4B-3434-4199-9F5D-3052BF819CC6}.Release|Any CPU.ActiveCfg = Release|Any CPU
		{F0471B4B-3434-4199-9F5D-3052BF819CC6}.Release|Any CPU.Build.0 = Release|Any CPU
		{38A3D799-CB4C-4119-A827-9EEB2A3C4892}.Debug|Any CPU.ActiveCfg = Debug|Any CPU
		{38A3D799-CB4C-4119-A827-9EEB2A3C4892}.Debug|Any CPU.Build.0 = Debug|Any CPU
		{38A3D799-CB4C-4119-A827-9EEB2A3C4892}.Release|Any CPU.ActiveCfg = Release|Any CPU
		{38A3D799-CB4C-4119-A827-9EEB2A3C4892}.Release|Any CPU.Build.0 = Release|Any CPU
		{E93902D2-BDAE-4B1B-B8D2-C6D966447E80}.Debug|Any CPU.ActiveCfg = Debug|Any CPU
		{E93902D2-BDAE-4B1B-B8D2-C6D966447E80}.Debug|Any CPU.Build.0 = Debug|Any CPU
		{E93902D2-BDAE-4B1B-B8D2-C6D966447E80}.Release|Any CPU.ActiveCfg = Release|Any CPU
		{E93902D2-BDAE-4B1B-B8D2-C6D966447E80}.Release|Any CPU.Build.0 = Release|Any CPU
	EndGlobalSection
	GlobalSection(SolutionProperties) = preSolution
		HideSolutionNode = FALSE
	EndGlobalSection
	GlobalSection(ExtensibilityGlobals) = postSolution
		SolutionGuid = {D90038EC-E8DE-48D9-96CB-E20C5CE44FE1}
	EndGlobalSection
EndGlobal
